// !$*UTF8*$!
{
	archiveVersion = 1;
	classes = {
	};
	objectVersion = 46;
	objects = {

/* Begin PBXBuildFile section */
		14201E761ABB2C1400634BEF /* AppDelegate.swift in Sources */ = {isa = PBXBuildFile; fileRef = 14201E751ABB2C1400634BEF /* AppDelegate.swift */; };
		14201E791ABB2C1400634BEF /* Lyft_vs_Uber.xcdatamodeld in Sources */ = {isa = PBXBuildFile; fileRef = 14201E771ABB2C1400634BEF /* Lyft_vs_Uber.xcdatamodeld */; };
		14201E7B1ABB2C1400634BEF /* NQViewController.swift in Sources */ = {isa = PBXBuildFile; fileRef = 14201E7A1ABB2C1400634BEF /* NQViewController.swift */; };
		14201E7E1ABB2C1400634BEF /* Main.storyboard in Resources */ = {isa = PBXBuildFile; fileRef = 14201E7C1ABB2C1400634BEF /* Main.storyboard */; };
		14201E801ABB2C1400634BEF /* Images.xcassets in Resources */ = {isa = PBXBuildFile; fileRef = 14201E7F1ABB2C1400634BEF /* Images.xcassets */; };
		14201E831ABB2C1400634BEF /* LaunchScreen.xib in Resources */ = {isa = PBXBuildFile; fileRef = 14201E811ABB2C1400634BEF /* LaunchScreen.xib */; };
		14201E8F1ABB2C1400634BEF /* Lyft_vs_UberTests.swift in Sources */ = {isa = PBXBuildFile; fileRef = 14201E8E1ABB2C1400634BEF /* Lyft_vs_UberTests.swift */; };
		14201E991ABB2C3700634BEF /* NQPrice.swift in Sources */ = {isa = PBXBuildFile; fileRef = 14201E981ABB2C3700634BEF /* NQPrice.swift */; };
		14201E9B1ABB2C4E00634BEF /* NQQuery.swift in Sources */ = {isa = PBXBuildFile; fileRef = 14201E9A1ABB2C4E00634BEF /* NQQuery.swift */; };
		14201E9D1ABB2C7C00634BEF /* NQCity.swift in Sources */ = {isa = PBXBuildFile; fileRef = 14201E9C1ABB2C7C00634BEF /* NQCity.swift */; };
		14201E9F1ABB2CEB00634BEF /* NQLocation.swift in Sources */ = {isa = PBXBuildFile; fileRef = 14201E9E1ABB2CEB00634BEF /* NQLocation.swift */; };
		14201EA11ABB2DC000634BEF /* CoreLocation.framework in Frameworks */ = {isa = PBXBuildFile; fileRef = 14201EA01ABB2DC000634BEF /* CoreLocation.framework */; };
		14201EA31ABB2DCA00634BEF /* CoreData.framework in Frameworks */ = {isa = PBXBuildFile; fileRef = 14201EA21ABB2DCA00634BEF /* CoreData.framework */; };
		14201EA51ABB42F600634BEF /* CFNetwork.framework in Frameworks */ = {isa = PBXBuildFile; fileRef = 14201EA41ABB42F600634BEF /* CFNetwork.framework */; };
		14201EA71ABB42FB00634BEF /* CoreGraphics.framework in Frameworks */ = {isa = PBXBuildFile; fileRef = 14201EA61ABB42FB00634BEF /* CoreGraphics.framework */; };
		14201EA91ABB430100634BEF /* MobileCoreServices.framework in Frameworks */ = {isa = PBXBuildFile; fileRef = 14201EA81ABB430100634BEF /* MobileCoreServices.framework */; };
		14201EAB1ABB430600634BEF /* QuartzCore.framework in Frameworks */ = {isa = PBXBuildFile; fileRef = 14201EAA1ABB430600634BEF /* QuartzCore.framework */; };
		14201EAD1ABB430C00634BEF /* Security.framework in Frameworks */ = {isa = PBXBuildFile; fileRef = 14201EAC1ABB430C00634BEF /* Security.framework */; };
		14201EAF1ABB431000634BEF /* StoreKit.framework in Frameworks */ = {isa = PBXBuildFile; fileRef = 14201EAE1ABB431000634BEF /* StoreKit.framework */; };
		14201EB11ABB431700634BEF /* SystemConfiguration.framework in Frameworks */ = {isa = PBXBuildFile; fileRef = 14201EB01ABB431700634BEF /* SystemConfiguration.framework */; };
		14201EB31ABB432000634BEF /* AudioToolbox.framework in Frameworks */ = {isa = PBXBuildFile; fileRef = 14201EB21ABB432000634BEF /* AudioToolbox.framework */; };
		14201EB51ABB432700634BEF /* libz.dylib in Frameworks */ = {isa = PBXBuildFile; fileRef = 14201EB41ABB432700634BEF /* libz.dylib */; };
		14201EB71ABB432F00634BEF /* libsqlite3.dylib in Frameworks */ = {isa = PBXBuildFile; fileRef = 14201EB61ABB432F00634BEF /* libsqlite3.dylib */; };
		14201EBC1ABB43ED00634BEF /* Bolts.framework in Frameworks */ = {isa = PBXBuildFile; fileRef = 14201EB81ABB43ED00634BEF /* Bolts.framework */; };
		14201EBD1ABB43ED00634BEF /* Parse.framework in Frameworks */ = {isa = PBXBuildFile; fileRef = 14201EB91ABB43ED00634BEF /* Parse.framework */; };
		14201EBE1ABB43ED00634BEF /* ParseCrashReporting.framework in Frameworks */ = {isa = PBXBuildFile; fileRef = 14201EBA1ABB43ED00634BEF /* ParseCrashReporting.framework */; };
		14201EBF1ABB43ED00634BEF /* ParseUI.framework in Frameworks */ = {isa = PBXBuildFile; fileRef = 14201EBB1ABB43ED00634BEF /* ParseUI.framework */; };
		14201EC11ABB4A2100634BEF /* NQPrices.swift in Sources */ = {isa = PBXBuildFile; fileRef = 14201EC01ABB4A2100634BEF /* NQPrices.swift */; };
		14201EC61ABB959400634BEF /* MapKit.framework in Frameworks */ = {isa = PBXBuildFile; fileRef = 14201EC51ABB959400634BEF /* MapKit.framework */; };
/* End PBXBuildFile section */

/* Begin PBXContainerItemProxy section */
		14201E891ABB2C1400634BEF /* PBXContainerItemProxy */ = {
			isa = PBXContainerItemProxy;
			containerPortal = 14201E681ABB2C1400634BEF /* Project object */;
			proxyType = 1;
			remoteGlobalIDString = 14201E6F1ABB2C1400634BEF;
			remoteInfo = "Lyft vs Uber";
		};
/* End PBXContainerItemProxy section */

/* Begin PBXFileReference section */
		14201E701ABB2C1400634BEF /* Lyft vs Uber.app */ = {isa = PBXFileReference; explicitFileType = wrapper.application; includeInIndex = 0; path = "Lyft vs Uber.app"; sourceTree = BUILT_PRODUCTS_DIR; };
		14201E741ABB2C1400634BEF /* Info.plist */ = {isa = PBXFileReference; lastKnownFileType = text.plist.xml; path = Info.plist; sourceTree = "<group>"; };
		14201E751ABB2C1400634BEF /* AppDelegate.swift */ = {isa = PBXFileReference; lastKnownFileType = sourcecode.swift; path = AppDelegate.swift; sourceTree = "<group>"; };
		14201E781ABB2C1400634BEF /* Lyft_vs_Uber.xcdatamodel */ = {isa = PBXFileReference; lastKnownFileType = wrapper.xcdatamodel; path = Lyft_vs_Uber.xcdatamodel; sourceTree = "<group>"; };
		14201E7A1ABB2C1400634BEF /* NQViewController.swift */ = {isa = PBXFileReference; lastKnownFileType = sourcecode.swift; path = NQViewController.swift; sourceTree = "<group>"; };
		14201E7D1ABB2C1400634BEF /* Base */ = {isa = PBXFileReference; lastKnownFileType = file.storyboard; name = Base; path = Base.lproj/Main.storyboard; sourceTree = "<group>"; };
		14201E7F1ABB2C1400634BEF /* Images.xcassets */ = {isa = PBXFileReference; lastKnownFileType = folder.assetcatalog; path = Images.xcassets; sourceTree = "<group>"; };
		14201E821ABB2C1400634BEF /* Base */ = {isa = PBXFileReference; lastKnownFileType = file.xib; name = Base; path = Base.lproj/LaunchScreen.xib; sourceTree = "<group>"; };
		14201E881ABB2C1400634BEF /* Lyft vs UberTests.xctest */ = {isa = PBXFileReference; explicitFileType = wrapper.cfbundle; includeInIndex = 0; path = "Lyft vs UberTests.xctest"; sourceTree = BUILT_PRODUCTS_DIR; };
		14201E8D1ABB2C1400634BEF /* Info.plist */ = {isa = PBXFileReference; lastKnownFileType = text.plist.xml; path = Info.plist; sourceTree = "<group>"; };
		14201E8E1ABB2C1400634BEF /* Lyft_vs_UberTests.swift */ = {isa = PBXFileReference; lastKnownFileType = sourcecode.swift; path = Lyft_vs_UberTests.swift; sourceTree = "<group>"; };
		14201E981ABB2C3700634BEF /* NQPrice.swift */ = {isa = PBXFileReference; fileEncoding = 4; lastKnownFileType = sourcecode.swift; path = NQPrice.swift; sourceTree = "<group>"; };
		14201E9A1ABB2C4E00634BEF /* NQQuery.swift */ = {isa = PBXFileReference; fileEncoding = 4; lastKnownFileType = sourcecode.swift; path = NQQuery.swift; sourceTree = "<group>"; };
		14201E9C1ABB2C7C00634BEF /* NQCity.swift */ = {isa = PBXFileReference; fileEncoding = 4; lastKnownFileType = sourcecode.swift; path = NQCity.swift; sourceTree = "<group>"; };
		14201E9E1ABB2CEB00634BEF /* NQLocation.swift */ = {isa = PBXFileReference; fileEncoding = 4; lastKnownFileType = sourcecode.swift; path = NQLocation.swift; sourceTree = "<group>"; };
		14201EA01ABB2DC000634BEF /* CoreLocation.framework */ = {isa = PBXFileReference; lastKnownFileType = wrapper.framework; name = CoreLocation.framework; path = System/Library/Frameworks/CoreLocation.framework; sourceTree = SDKROOT; };
		14201EA21ABB2DCA00634BEF /* CoreData.framework */ = {isa = PBXFileReference; lastKnownFileType = wrapper.framework; name = CoreData.framework; path = System/Library/Frameworks/CoreData.framework; sourceTree = SDKROOT; };
		14201EA41ABB42F600634BEF /* CFNetwork.framework */ = {isa = PBXFileReference; lastKnownFileType = wrapper.framework; name = CFNetwork.framework; path = System/Library/Frameworks/CFNetwork.framework; sourceTree = SDKROOT; };
		14201EA61ABB42FB00634BEF /* CoreGraphics.framework */ = {isa = PBXFileReference; lastKnownFileType = wrapper.framework; name = CoreGraphics.framework; path = System/Library/Frameworks/CoreGraphics.framework; sourceTree = SDKROOT; };
		14201EA81ABB430100634BEF /* MobileCoreServices.framework */ = {isa = PBXFileReference; lastKnownFileType = wrapper.framework; name = MobileCoreServices.framework; path = System/Library/Frameworks/MobileCoreServices.framework; sourceTree = SDKROOT; };
		14201EAA1ABB430600634BEF /* QuartzCore.framework */ = {isa = PBXFileReference; lastKnownFileType = wrapper.framework; name = QuartzCore.framework; path = System/Library/Frameworks/QuartzCore.framework; sourceTree = SDKROOT; };
		14201EAC1ABB430C00634BEF /* Security.framework */ = {isa = PBXFileReference; lastKnownFileType = wrapper.framework; name = Security.framework; path = System/Library/Frameworks/Security.framework; sourceTree = SDKROOT; };
		14201EAE1ABB431000634BEF /* StoreKit.framework */ = {isa = PBXFileReference; lastKnownFileType = wrapper.framework; name = StoreKit.framework; path = System/Library/Frameworks/StoreKit.framework; sourceTree = SDKROOT; };
		14201EB01ABB431700634BEF /* SystemConfiguration.framework */ = {isa = PBXFileReference; lastKnownFileType = wrapper.framework; name = SystemConfiguration.framework; path = System/Library/Frameworks/SystemConfiguration.framework; sourceTree = SDKROOT; };
		14201EB21ABB432000634BEF /* AudioToolbox.framework */ = {isa = PBXFileReference; lastKnownFileType = wrapper.framework; name = AudioToolbox.framework; path = System/Library/Frameworks/AudioToolbox.framework; sourceTree = SDKROOT; };
		14201EB41ABB432700634BEF /* libz.dylib */ = {isa = PBXFileReference; lastKnownFileType = "compiled.mach-o.dylib"; name = libz.dylib; path = usr/lib/libz.dylib; sourceTree = SDKROOT; };
		14201EB61ABB432F00634BEF /* libsqlite3.dylib */ = {isa = PBXFileReference; lastKnownFileType = "compiled.mach-o.dylib"; name = libsqlite3.dylib; path = usr/lib/libsqlite3.dylib; sourceTree = SDKROOT; };
		14201EB81ABB43ED00634BEF /* Bolts.framework */ = {isa = PBXFileReference; lastKnownFileType = wrapper.framework; path = Bolts.framework; sourceTree = "<group>"; };
		14201EB91ABB43ED00634BEF /* Parse.framework */ = {isa = PBXFileReference; lastKnownFileType = wrapper.framework; path = Parse.framework; sourceTree = "<group>"; };
		14201EBA1ABB43ED00634BEF /* ParseCrashReporting.framework */ = {isa = PBXFileReference; lastKnownFileType = wrapper.framework; path = ParseCrashReporting.framework; sourceTree = "<group>"; };
		14201EBB1ABB43ED00634BEF /* ParseUI.framework */ = {isa = PBXFileReference; lastKnownFileType = wrapper.framework; path = ParseUI.framework; sourceTree = "<group>"; };
		14201EC01ABB4A2100634BEF /* NQPrices.swift */ = {isa = PBXFileReference; fileEncoding = 4; lastKnownFileType = sourcecode.swift; path = NQPrices.swift; sourceTree = "<group>"; };
		14201EC21ABB4B8500634BEF /* Lyft vs Uber-Bridging-Header.h */ = {isa = PBXFileReference; lastKnownFileType = sourcecode.c.h; path = "Lyft vs Uber-Bridging-Header.h"; sourceTree = "<group>"; };
		14201EC51ABB959400634BEF /* MapKit.framework */ = {isa = PBXFileReference; lastKnownFileType = wrapper.framework; name = MapKit.framework; path = System/Library/Frameworks/MapKit.framework; sourceTree = SDKROOT; };
/* End PBXFileReference section */

/* Begin PBXFrameworksBuildPhase section */
		14201E6D1ABB2C1400634BEF /* Frameworks */ = {
			isa = PBXFrameworksBuildPhase;
			buildActionMask = 2147483647;
			files = (
				14201EB71ABB432F00634BEF /* libsqlite3.dylib in Frameworks */,
				14201EBE1ABB43ED00634BEF /* ParseCrashReporting.framework in Frameworks */,
				14201EB51ABB432700634BEF /* libz.dylib in Frameworks */,
				14201EB31ABB432000634BEF /* AudioToolbox.framework in Frameworks */,
				14201EB11ABB431700634BEF /* SystemConfiguration.framework in Frameworks */,
				14201EAF1ABB431000634BEF /* StoreKit.framework in Frameworks */,
				14201EBF1ABB43ED00634BEF /* ParseUI.framework in Frameworks */,
				14201EAD1ABB430C00634BEF /* Security.framework in Frameworks */,
				14201EAB1ABB430600634BEF /* QuartzCore.framework in Frameworks */,
				14201EC61ABB959400634BEF /* MapKit.framework in Frameworks */,
				14201EBC1ABB43ED00634BEF /* Bolts.framework in Frameworks */,
				14201EA91ABB430100634BEF /* MobileCoreServices.framework in Frameworks */,
				14201EA71ABB42FB00634BEF /* CoreGraphics.framework in Frameworks */,
				14201EBD1ABB43ED00634BEF /* Parse.framework in Frameworks */,
				14201EA51ABB42F600634BEF /* CFNetwork.framework in Frameworks */,
				14201EA31ABB2DCA00634BEF /* CoreData.framework in Frameworks */,
				14201EA11ABB2DC000634BEF /* CoreLocation.framework in Frameworks */,
			);
			runOnlyForDeploymentPostprocessing = 0;
		};
		14201E851ABB2C1400634BEF /* Frameworks */ = {
			isa = PBXFrameworksBuildPhase;
			buildActionMask = 2147483647;
			files = (
			);
			runOnlyForDeploymentPostprocessing = 0;
		};
/* End PBXFrameworksBuildPhase section */

/* Begin PBXGroup section */
		14201E671ABB2C1400634BEF = {
			isa = PBXGroup;
			children = (
				14201EC51ABB959400634BEF /* MapKit.framework */,
				14201EB61ABB432F00634BEF /* libsqlite3.dylib */,
				14201EB41ABB432700634BEF /* libz.dylib */,
				14201EB81ABB43ED00634BEF /* Bolts.framework */,
				14201EB91ABB43ED00634BEF /* Parse.framework */,
				14201EBA1ABB43ED00634BEF /* ParseCrashReporting.framework */,
				14201EBB1ABB43ED00634BEF /* ParseUI.framework */,
				14201EB21ABB432000634BEF /* AudioToolbox.framework */,
				14201EB01ABB431700634BEF /* SystemConfiguration.framework */,
				14201EAE1ABB431000634BEF /* StoreKit.framework */,
				14201EAC1ABB430C00634BEF /* Security.framework */,
				14201EAA1ABB430600634BEF /* QuartzCore.framework */,
				14201EA81ABB430100634BEF /* MobileCoreServices.framework */,
				14201EA61ABB42FB00634BEF /* CoreGraphics.framework */,
				14201EA41ABB42F600634BEF /* CFNetwork.framework */,
				14201EA21ABB2DCA00634BEF /* CoreData.framework */,
				14201EA01ABB2DC000634BEF /* CoreLocation.framework */,
				14201E721ABB2C1400634BEF /* Lyft vs Uber */,
				14201E8B1ABB2C1400634BEF /* Lyft vs UberTests */,
				14201E711ABB2C1400634BEF /* Products */,
			);
			sourceTree = "<group>";
		};
		14201E711ABB2C1400634BEF /* Products */ = {
			isa = PBXGroup;
			children = (
				14201E701ABB2C1400634BEF /* Lyft vs Uber.app */,
				14201E881ABB2C1400634BEF /* Lyft vs UberTests.xctest */,
			);
			name = Products;
			sourceTree = "<group>";
		};
		14201E721ABB2C1400634BEF /* Lyft vs Uber */ = {
			isa = PBXGroup;
			children = (
				14201E751ABB2C1400634BEF /* AppDelegate.swift */,
				14201E7A1ABB2C1400634BEF /* NQViewController.swift */,
				14201E981ABB2C3700634BEF /* NQPrice.swift */,
				14201EC01ABB4A2100634BEF /* NQPrices.swift */,
				14201E9A1ABB2C4E00634BEF /* NQQuery.swift */,
				14201E9C1ABB2C7C00634BEF /* NQCity.swift */,
				14201E9E1ABB2CEB00634BEF /* NQLocation.swift */,
				14201E7C1ABB2C1400634BEF /* Main.storyboard */,
				14201E7F1ABB2C1400634BEF /* Images.xcassets */,
				14201E811ABB2C1400634BEF /* LaunchScreen.xib */,
				14201E771ABB2C1400634BEF /* Lyft_vs_Uber.xcdatamodeld */,
				14201E731ABB2C1400634BEF /* Supporting Files */,
				14201EC21ABB4B8500634BEF /* Lyft vs Uber-Bridging-Header.h */,
			);
			path = "Lyft vs Uber";
			sourceTree = "<group>";
		};
		14201E731ABB2C1400634BEF /* Supporting Files */ = {
			isa = PBXGroup;
			children = (
				14201E741ABB2C1400634BEF /* Info.plist */,
			);
			name = "Supporting Files";
			sourceTree = "<group>";
		};
		14201E8B1ABB2C1400634BEF /* Lyft vs UberTests */ = {
			isa = PBXGroup;
			children = (
				14201E8E1ABB2C1400634BEF /* Lyft_vs_UberTests.swift */,
				14201E8C1ABB2C1400634BEF /* Supporting Files */,
			);
			path = "Lyft vs UberTests";
			sourceTree = "<group>";
		};
		14201E8C1ABB2C1400634BEF /* Supporting Files */ = {
			isa = PBXGroup;
			children = (
				14201E8D1ABB2C1400634BEF /* Info.plist */,
			);
			name = "Supporting Files";
			sourceTree = "<group>";
		};
/* End PBXGroup section */

/* Begin PBXNativeTarget section */
		14201E6F1ABB2C1400634BEF /* Lyft vs Uber */ = {
			isa = PBXNativeTarget;
			buildConfigurationList = 14201E921ABB2C1400634BEF /* Build configuration list for PBXNativeTarget "Lyft vs Uber" */;
			buildPhases = (
				14201E6C1ABB2C1400634BEF /* Sources */,
				14201E6D1ABB2C1400634BEF /* Frameworks */,
				14201E6E1ABB2C1400634BEF /* Resources */,
			);
			buildRules = (
			);
			dependencies = (
			);
			name = "Lyft vs Uber";
			productName = "Lyft vs Uber";
			productReference = 14201E701ABB2C1400634BEF /* Lyft vs Uber.app */;
			productType = "com.apple.product-type.application";
		};
		14201E871ABB2C1400634BEF /* Lyft vs UberTests */ = {
			isa = PBXNativeTarget;
			buildConfigurationList = 14201E951ABB2C1400634BEF /* Build configuration list for PBXNativeTarget "Lyft vs UberTests" */;
			buildPhases = (
				14201E841ABB2C1400634BEF /* Sources */,
				14201E851ABB2C1400634BEF /* Frameworks */,
				14201E861ABB2C1400634BEF /* Resources */,
			);
			buildRules = (
			);
			dependencies = (
				14201E8A1ABB2C1400634BEF /* PBXTargetDependency */,
			);
			name = "Lyft vs UberTests";
			productName = "Lyft vs UberTests";
			productReference = 14201E881ABB2C1400634BEF /* Lyft vs UberTests.xctest */;
			productType = "com.apple.product-type.bundle.unit-test";
		};
/* End PBXNativeTarget section */

/* Begin PBXProject section */
		14201E681ABB2C1400634BEF /* Project object */ = {
			isa = PBXProject;
			attributes = {
				LastUpgradeCheck = 0620;
				ORGANIZATIONNAME = "Nyquist Labs";
				TargetAttributes = {
					14201E6F1ABB2C1400634BEF = {
						CreatedOnToolsVersion = 6.2;
						DevelopmentTeam = 694F25S36K;
						SystemCapabilities = {
							com.apple.Maps.iOS = {
								enabled = 1;
							};
						};
					};
					14201E871ABB2C1400634BEF = {
						CreatedOnToolsVersion = 6.2;
						TestTargetID = 14201E6F1ABB2C1400634BEF;
					};
				};
			};
			buildConfigurationList = 14201E6B1ABB2C1400634BEF /* Build configuration list for PBXProject "Lyft vs Uber" */;
			compatibilityVersion = "Xcode 3.2";
			developmentRegion = English;
			hasScannedForEncodings = 0;
			knownRegions = (
				en,
				Base,
			);
			mainGroup = 14201E671ABB2C1400634BEF;
			productRefGroup = 14201E711ABB2C1400634BEF /* Products */;
			projectDirPath = "";
			projectRoot = "";
			targets = (
				14201E6F1ABB2C1400634BEF /* Lyft vs Uber */,
				14201E871ABB2C1400634BEF /* Lyft vs UberTests */,
			);
		};
/* End PBXProject section */

/* Begin PBXResourcesBuildPhase section */
		14201E6E1ABB2C1400634BEF /* Resources */ = {
			isa = PBXResourcesBuildPhase;
			buildActionMask = 2147483647;
			files = (
				14201E7E1ABB2C1400634BEF /* Main.storyboard in Resources */,
				14201E831ABB2C1400634BEF /* LaunchScreen.xib in Resources */,
				14201E801ABB2C1400634BEF /* Images.xcassets in Resources */,
			);
			runOnlyForDeploymentPostprocessing = 0;
		};
		14201E861ABB2C1400634BEF /* Resources */ = {
			isa = PBXResourcesBuildPhase;
			buildActionMask = 2147483647;
			files = (
			);
			runOnlyForDeploymentPostprocessing = 0;
		};
/* End PBXResourcesBuildPhase section */

/* Begin PBXSourcesBuildPhase section */
		14201E6C1ABB2C1400634BEF /* Sources */ = {
			isa = PBXSourcesBuildPhase;
			buildActionMask = 2147483647;
			files = (
				14201E9B1ABB2C4E00634BEF /* NQQuery.swift in Sources */,
				14201E9F1ABB2CEB00634BEF /* NQLocation.swift in Sources */,
				14201E7B1ABB2C1400634BEF /* NQViewController.swift in Sources */,
				14201E9D1ABB2C7C00634BEF /* NQCity.swift in Sources */,
				14201E991ABB2C3700634BEF /* NQPrice.swift in Sources */,
				14201EC11ABB4A2100634BEF /* NQPrices.swift in Sources */,
				14201E761ABB2C1400634BEF /* AppDelegate.swift in Sources */,
				14201E791ABB2C1400634BEF /* Lyft_vs_Uber.xcdatamodeld in Sources */,
			);
			runOnlyForDeploymentPostprocessing = 0;
		};
		14201E841ABB2C1400634BEF /* Sources */ = {
			isa = PBXSourcesBuildPhase;
			buildActionMask = 2147483647;
			files = (
				14201E8F1ABB2C1400634BEF /* Lyft_vs_UberTests.swift in Sources */,
			);
			runOnlyForDeploymentPostprocessing = 0;
		};
/* End PBXSourcesBuildPhase section */

/* Begin PBXTargetDependency section */
		14201E8A1ABB2C1400634BEF /* PBXTargetDependency */ = {
			isa = PBXTargetDependency;
			target = 14201E6F1ABB2C1400634BEF /* Lyft vs Uber */;
			targetProxy = 14201E891ABB2C1400634BEF /* PBXContainerItemProxy */;
		};
/* End PBXTargetDependency section */

/* Begin PBXVariantGroup section */
		14201E7C1ABB2C1400634BEF /* Main.storyboard */ = {
			isa = PBXVariantGroup;
			children = (
				14201E7D1ABB2C1400634BEF /* Base */,
			);
			name = Main.storyboard;
			sourceTree = "<group>";
		};
		14201E811ABB2C1400634BEF /* LaunchScreen.xib */ = {
			isa = PBXVariantGroup;
			children = (
				14201E821ABB2C1400634BEF /* Base */,
			);
			name = LaunchScreen.xib;
			sourceTree = "<group>";
		};
/* End PBXVariantGroup section */

/* Begin XCBuildConfiguration section */
		14201E901ABB2C1400634BEF /* Debug */ = {
			isa = XCBuildConfiguration;
			buildSettings = {
				ALWAYS_SEARCH_USER_PATHS = NO;
				CLANG_CXX_LANGUAGE_STANDARD = "gnu++0x";
				CLANG_CXX_LIBRARY = "libc++";
				CLANG_ENABLE_MODULES = YES;
				CLANG_ENABLE_OBJC_ARC = YES;
				CLANG_WARN_BOOL_CONVERSION = YES;
				CLANG_WARN_CONSTANT_CONVERSION = YES;
				CLANG_WARN_DIRECT_OBJC_ISA_USAGE = YES_ERROR;
				CLANG_WARN_EMPTY_BODY = YES;
				CLANG_WARN_ENUM_CONVERSION = YES;
				CLANG_WARN_INT_CONVERSION = YES;
				CLANG_WARN_OBJC_ROOT_CLASS = YES_ERROR;
				CLANG_WARN_UNREACHABLE_CODE = YES;
				CLANG_WARN__DUPLICATE_METHOD_MATCH = YES;
				"CODE_SIGN_IDENTITY[sdk=iphoneos*]" = "iPhone Developer";
				COPY_PHASE_STRIP = NO;
				ENABLE_STRICT_OBJC_MSGSEND = YES;
				GCC_C_LANGUAGE_STANDARD = gnu99;
				GCC_DYNAMIC_NO_PIC = NO;
				GCC_OPTIMIZATION_LEVEL = 0;
				GCC_PREPROCESSOR_DEFINITIONS = (
					"DEBUG=1",
					"$(inherited)",
				);
				GCC_SYMBOLS_PRIVATE_EXTERN = NO;
				GCC_WARN_64_TO_32_BIT_CONVERSION = YES;
				GCC_WARN_ABOUT_RETURN_TYPE = YES_ERROR;
				GCC_WARN_UNDECLARED_SELECTOR = YES;
				GCC_WARN_UNINITIALIZED_AUTOS = YES_AGGRESSIVE;
				GCC_WARN_UNUSED_FUNCTION = YES;
				GCC_WARN_UNUSED_VARIABLE = YES;
				IPHONEOS_DEPLOYMENT_TARGET = 7.0;
				MTL_ENABLE_DEBUG_INFO = YES;
				ONLY_ACTIVE_ARCH = YES;
				SDKROOT = iphoneos;
				SWIFT_OPTIMIZATION_LEVEL = "-Onone";
				TARGETED_DEVICE_FAMILY = "1,2";
			};
			name = Debug;
		};
		14201E911ABB2C1400634BEF /* Release */ = {
			isa = XCBuildConfiguration;
			buildSettings = {
				ALWAYS_SEARCH_USER_PATHS = NO;
				CLANG_CXX_LANGUAGE_STANDARD = "gnu++0x";
				CLANG_CXX_LIBRARY = "libc++";
				CLANG_ENABLE_MODULES = YES;
				CLANG_ENABLE_OBJC_ARC = YES;
				CLANG_WARN_BOOL_CONVERSION = YES;
				CLANG_WARN_CONSTANT_CONVERSION = YES;
				CLANG_WARN_DIRECT_OBJC_ISA_USAGE = YES_ERROR;
				CLANG_WARN_EMPTY_BODY = YES;
				CLANG_WARN_ENUM_CONVERSION = YES;
				CLANG_WARN_INT_CONVERSION = YES;
				CLANG_WARN_OBJC_ROOT_CLASS = YES_ERROR;
				CLANG_WARN_UNREACHABLE_CODE = YES;
				CLANG_WARN__DUPLICATE_METHOD_MATCH = YES;
				"CODE_SIGN_IDENTITY[sdk=iphoneos*]" = "iPhone Developer";
				COPY_PHASE_STRIP = NO;
				ENABLE_NS_ASSERTIONS = NO;
				ENABLE_STRICT_OBJC_MSGSEND = YES;
				GCC_C_LANGUAGE_STANDARD = gnu99;
				GCC_WARN_64_TO_32_BIT_CONVERSION = YES;
				GCC_WARN_ABOUT_RETURN_TYPE = YES_ERROR;
				GCC_WARN_UNDECLARED_SELECTOR = YES;
				GCC_WARN_UNINITIALIZED_AUTOS = YES_AGGRESSIVE;
				GCC_WARN_UNUSED_FUNCTION = YES;
				GCC_WARN_UNUSED_VARIABLE = YES;
				IPHONEOS_DEPLOYMENT_TARGET = 7.0;
				MTL_ENABLE_DEBUG_INFO = NO;
				SDKROOT = iphoneos;
				TARGETED_DEVICE_FAMILY = "1,2";
				VALIDATE_PRODUCT = YES;
			};
			name = Release;
		};
		14201E931ABB2C1400634BEF /* Debug */ = {
			isa = XCBuildConfiguration;
			buildSettings = {
				ASSETCATALOG_COMPILER_APPICON_NAME = AppIcon;
				CLANG_ENABLE_MODULES = YES;
				CODE_SIGN_IDENTITY = "iPhone Developer";
				"CODE_SIGN_IDENTITY[sdk=iphoneos*]" = "iPhone Developer";
				FRAMEWORK_SEARCH_PATHS = (
					"$(inherited)",
					"$(PROJECT_DIR)",
				);
				INFOPLIST_FILE = "Lyft vs Uber/Info.plist";
				IPHONEOS_DEPLOYMENT_TARGET = 8.0;
				LD_RUNPATH_SEARCH_PATHS = "$(inherited) @executable_path/Frameworks";
				PRODUCT_NAME = "$(TARGET_NAME)";
				PROVISIONING_PROFILE = "";
				SWIFT_OBJC_BRIDGING_HEADER = "Lyft vs Uber/Lyft vs Uber-Bridging-Header.h";
				SWIFT_OPTIMIZATION_LEVEL = "-Onone";
			};
			name = Debug;
		};
		14201E941ABB2C1400634BEF /* Release */ = {
			isa = XCBuildConfiguration;
			buildSettings = {
				ASSETCATALOG_COMPILER_APPICON_NAME = AppIcon;
				CLANG_ENABLE_MODULES = YES;
				CODE_SIGN_IDENTITY = "iPhone Developer";
				"CODE_SIGN_IDENTITY[sdk=iphoneos*]" = "iPhone Developer";
				FRAMEWORK_SEARCH_PATHS = (
					"$(inherited)",
					"$(PROJECT_DIR)",
				);
				INFOPLIST_FILE = "Lyft vs Uber/Info.plist";
				IPHONEOS_DEPLOYMENT_TARGET = 8.0;
				LD_RUNPATH_SEARCH_PATHS = "$(inherited) @executable_path/Frameworks";
				PRODUCT_NAME = "$(TARGET_NAME)";
				PROVISIONING_PROFILE = "";
				SWIFT_OBJC_BRIDGING_HEADER = "Lyft vs Uber/Lyft vs Uber-Bridging-Header.h";
			};
			name = Release;
		};
		14201E961ABB2C1400634BEF /* Debug */ = {
			isa = XCBuildConfiguration;
			buildSettings = {
				BUNDLE_LOADER = "$(TEST_HOST)";
				FRAMEWORK_SEARCH_PATHS = (
					"$(SDKROOT)/Developer/Library/Frameworks",
					"$(inherited)",
				);
				GCC_PREPROCESSOR_DEFINITIONS = (
					"DEBUG=1",
					"$(inherited)",
				);
				INFOPLIST_FILE = "Lyft vs UberTests/Info.plist";
				LD_RUNPATH_SEARCH_PATHS = "$(inherited) @executable_path/Frameworks @loader_path/Frameworks";
				PRODUCT_NAME = "$(TARGET_NAME)";
				TEST_HOST = "$(BUILT_PRODUCTS_DIR)/Lyft vs Uber.app/Lyft vs Uber";
			};
			name = Debug;
		};
		14201E971ABB2C1400634BEF /* Release */ = {
			isa = XCBuildConfiguration;
			buildSettings = {
				BUNDLE_LOADER = "$(TEST_HOST)";
				FRAMEWORK_SEARCH_PATHS = (
					"$(SDKROOT)/Developer/Library/Frameworks",
					"$(inherited)",
				);
				INFOPLIST_FILE = "Lyft vs UberTests/Info.plist";
				LD_RUNPATH_SEARCH_PATHS = "$(inherited) @executable_path/Frameworks @loader_path/Frameworks";
				PRODUCT_NAME = "$(TARGET_NAME)";
				TEST_HOST = "$(BUILT_PRODUCTS_DIR)/Lyft vs Uber.app/Lyft vs Uber";
			};
			name = Release;
		};
/* End XCBuildConfiguration section */

/* Begin XCConfigurationList section */
		14201E6B1ABB2C1400634BEF /* Build configuration list for PBXProject "Lyft vs Uber" */ = {
			isa = XCConfigurationList;
			buildConfigurations = (
				14201E901ABB2C1400634BEF /* Debug */,
				14201E911ABB2C1400634BEF /* Release */,
			);
			defaultConfigurationIsVisible = 0;
			defaultConfigurationName = Release;
		};
		14201E921ABB2C1400634BEF /* Build configuration list for PBXNativeTarget "Lyft vs Uber" */ = {
			isa = XCConfigurationList;
			buildConfigurations = (
				14201E931ABB2C1400634BEF /* Debug */,
				14201E941ABB2C1400634BEF /* Release */,
			);
			defaultConfigurationIsVisible = 0;
		};
		14201E951ABB2C1400634BEF /* Build configuration list for PBXNativeTarget "Lyft vs UberTests" */ = {
			isa = XCConfigurationList;
			buildConfigurations = (
				14201E961ABB2C1400634BEF /* Debug */,
				14201E971ABB2C1400634BEF /* Release */,
			);
			defaultConfigurationIsVisible = 0;
		};
/* End XCConfigurationList section */

/* Begin XCVersionGroup section */
		14201E771ABB2C1400634BEF /* Lyft_vs_Uber.xcdatamodeld */ = {
			isa = XCVersionGroup;
			children = (
				14201E781ABB2C1400634BEF /* Lyft_vs_Uber.xcdatamodel */,
			);
			currentVersion = 14201E781ABB2C1400634BEF /* Lyft_vs_Uber.xcdatamodel */;
			path = Lyft_vs_Uber.xcdatamodeld;
			sourceTree = "<group>";
			versionGroupType = wrapper.xcdatamodel;
		};
/* End XCVersionGroup section */
	};
	rootObject = 14201E681ABB2C1400634BEF /* Project object */;
}
